{
  "version": "1.6.3",
  "stacks": [],
  "lastSync": "2026-04-01T10:38:43.393942Z",
  "managed": {
    "settings.json": "sha256:753445e7b912a6104f474b2c4c3df0705dac9084e05b466635a2415fb3cbe711",
    "session-metrics.log": "sha256:6be33d8714e2b40f7347d7b3a4353442be24fafa28915fe56bcdbf890526c79b",
    "workflow.overrides.yaml": "sha256:2e019fab1c58c99b7891118a3c419f8c7aa75bffdc5c259f6101373adc7d23af",
    "workflow.lock": "sha256:60ed3e374b9567c520f89d7306a8c726a606ffd8e58eb63dc17b9b4c73d331c8",
    "WORKFLOW.md": "sha256:57e6ea89ec820a7cc5aa2571dd66c4d4c9870b66688e68ef1ef695e16b223fdd",
    "blueprints/testing-patterns.md": "sha256:226771c062b0ad610e6b4018e44b43817fe09f8dd0b9c7a9a5ca641ec0c22414",
    "blueprints/coding-conventions.md": "sha256:5cfe58a23f26c34452a70ef9fe66747f65cac54e512e9f247d7bbb8b9153e71f",
    "teams/validation/README.md": "sha256:c4d71614f2558ab8c022ce2a224e66c29ef15dba3ee4da9941fc8546b0784c79",
    "teams/validation/team.yaml": "sha256:ade8f048c9d47ab326ade1c07dd02eff7ee5c426b132d755abed168304c42fe1",
    "teams/validation/prompts/arch-checker.md": "sha256:804e9e5f0e9805b3007fe6cd3298ece628da6657544611f57aa00815d8f1fe3b",
    "teams/validation/prompts/security-reviewer.md": "sha256:fcb99aa588c60057ed60c530e3f9b3cdba080fa0a6516d139fb809c432f2292d",
    "teams/validation/prompts/code-reviewer.md": "sha256:26ae974f7ece98fb459c6f6a162853fa550f1b6e413acd01dfb7456bccee067b",
    "agents/security-reviewer.md": "sha256:01d5a625b752343b29957ba1a6d32c53561c39a87444a09c30b689dc255c4f34",
    "agents/frontend-handler.md": "sha256:5ea9876a5845ae544ca674007f3be123f0031689ba2ce3b5d15586336058bd9b",
    "agents/backend-handler.md": "sha256:8cbfb1820daf9aebecf0556188d5e0f73dfdc71e345a09c4b47d43e4b32913ac",
    "agents/planner.md": "sha256:68a229d4b29d69b863a79ba813916ff72ee23dfecb146286540696f03ea1b158",
    "agents/db-expert.md": "sha256:0883b6605a39932bbaf0770f0afc42fbe6edf066624b8673d9e432aa108ae123",
    "agents/test-writer.md": "sha256:12b8061419a8ac16d98e94734f7f4326107ff7665f36077ce59ea679df1d41a2",
    "agents/code-reviewer.md": "sha256:e031896f7b9608c55a0ff0752ca499a66ddc9b01142be475df1b895c98b2e3db",
    "skills/sync-workflow/reference.md": "sha256:b283277f4f5ff45ddcb7f3eaeed6003a6c1261e3d3720a2a1a050ab1309d0e0c",
    "skills/sync-workflow/SKILL.md": "sha256:37fef53510b3f74e3a086ef7a732d12a1158806c7615217dfe2f1ad79cd60c20",
    "skills/writing-skills/reference.md": "sha256:d3e5d6fa3da038813b6aa902f5fcc013359a06210aeb82ef90d6d834a4dcd0ba",
    "skills/writing-skills/SKILL.md": "sha256:bd3b4e56be23d3ab1a4c8d330daa295c326ffb5ac08a4ae0f03268888c8e06bf",
    "skills/score-guardrails/reference.md": "sha256:a4280089712ff7c35838c44e35299756d927221d5e9eca5798e1ee8ce9a9f1ee",
    "skills/score-guardrails/SKILL.md": "sha256:5373d2a169be483d25f446ccc97519c2f5dc62326ce931de9a13ebc0fc49fdcd",
    "skills/ai-guardrails-audit/reference.md": "sha256:1cb92972f849a78f84287da2a675c91c70be9778ea3f74cff094c60d74795968",
    "skills/ai-guardrails-audit/SKILL.md": "sha256:e43b5e2f1e8ae9112f18ff1552922e1140b804655ecc92a077429a2b842d7229",
    "skills/tdd/reference.md": "sha256:c0b0668b672e86d7add1e7e3541de60547f727c77094a28fdf2b8971172da012",
    "skills/tdd/SKILL.md": "sha256:ab709c7830ecdf82ae226a191dc051e2e551eb821a1bf0e44a2cae52448e8f86",
    "skills/commit/reference.md": "sha256:7584c0ad75b5c442f10d03087f08ab23a627a13604633d92fa14b562fdb0f46f",
    "skills/commit/SKILL.md": "sha256:dc4d4e16eff41363fe3d05e98b993082c59aad6d191d1330b1ba767dd1e12e20",
    "skills/validate-change/reference.md": "sha256:b24178d0ac6ad1d17acb13284636e7e17adcd03634b4e1f37d690d1a8caee76d",
    "skills/validate-change/SKILL.md": "sha256:635636b579ae1bbf237edaf048d849dcc45074241629692803ac179ff4766c05",
    "skills/security/reference.md": "sha256:4bc7c20d58fdf8edd4da2487d3399f98ff10e20b1aa97d926503421365f2afe9",
    "skills/security/SKILL.md": "sha256:ef22824dfcaf4cbec270430b3a85e9f99e2a99c72cc6adcdd6775b8ff5049a8b",
    "skills/brainstorm/reference.md": "sha256:a75f6d13e686699fe3cc99784d976d6c62db51b77f2bcba45a6067817abba121",
    "skills/brainstorm/SKILL.md": "sha256:8d20cd94d1e7f06330513af62cdc6ee9471e8df7f325f16a9e324f47d4e78eb2",
    "hooks/pre-compact.py": "sha256:3c28b4ddc6440087e6cc5e8f06edae344d034cbcfa1ba2afc84a288813acc875",
    "hooks/session-start.py": "sha256:653fc1e77dd86bf3b8e300791fdcdc99672b7c1f8ad6d8384dc965ceccc2f8ca",
    "hooks/subagent-start.py": "sha256:f46fa7361c272e14315a45b8ebb1be1c217801b3e01eed0aaea0eff19a63a1e4",
    "hooks/task-completed.py": "sha256:b5f8ecfa02dadf2461bf3a198d1212ba3e3c39f7c6a1ecc986d48e76911fb623",
    "hooks/teammate-idle.py": "sha256:f827d96abe9c3e72e2c68a6d44b9788f3bc5895e1beeb03e0d1cab1c9610d6e0",
    "hooks/context-check.py": "sha256:6ccbf32ca11a5fe3373cdec763cfb2041bb8ebff555fafb0c05322e45db54010",
    "hooks/mcp-security-scan.py": "sha256:1b7b083dcac6bee1f089f7e60e3a8403c5ae8a8f8db447789bf74c1753ea6d67",
    "hooks/subagent-stop.py": "sha256:d3601fe1b04200cc8115cb80d4c49e038956fc3233f09bbd327479bd7e82b902",
    "hooks/post-failure.py": "sha256:597dc5ded93b8a2ee7f048fdcf51ca3c0fdf862e04c85762cb580bc15ef01866",
    "hooks/prompt-submit.py": "sha256:47178419beed22881f427dce10c801c6e833f3dd2ad6762f1c58c02e1c366942",
    "hooks/pyrun": "sha256:d1543d14f8fcbac1113cadb3d8620c15b9728e8dc54618addb81ad2c19a581dd",
    "hooks/session-end.py": "sha256:1bc002c00a9a6e5d491676918b7f58247ec0a6cf958c70a33305391b34ec2093",
    "projects/-home-ekkerdhomas-projects-claude-workflow/memory/feedback_hook_paths.md": "sha256:f72e72c2b936f7325334dd1a11f928fee8ce55de4ed9db71159ea519d556697d",
    "projects/-home-ekkerdhomas-projects-claude-workflow/memory/MEMORY.md": "sha256:5bb0cdf6b2d27d43a9be942d2dfa92de4a445a19edf60780745f512bd18c27d0"
  },
  "masterChecksums": {
    "WORKFLOW.md": "sha256:57e6ea89ec820a7cc5aa2571dd66c4d4c9870b66688e68ef1ef695e16b223fdd",
    "teams/validation/README.md": "sha256:c4d71614f2558ab8c022ce2a224e66c29ef15dba3ee4da9941fc8546b0784c79",
    "teams/validation/team.yaml": "sha256:ade8f048c9d47ab326ade1c07dd02eff7ee5c426b132d755abed168304c42fe1",
    "teams/validation/prompts/arch-checker.md": "sha256:804e9e5f0e9805b3007fe6cd3298ece628da6657544611f57aa00815d8f1fe3b",
    "teams/validation/prompts/security-reviewer.md": "sha256:fcb99aa588c60057ed60c530e3f9b3cdba080fa0a6516d139fb809c432f2292d",
    "teams/validation/prompts/code-reviewer.md": "sha256:26ae974f7ece98fb459c6f6a162853fa550f1b6e413acd01dfb7456bccee067b",
    "agents/security-reviewer.md": "sha256:01d5a625b752343b29957ba1a6d32c53561c39a87444a09c30b689dc255c4f34",
    "agents/frontend-handler.md": "sha256:5ea9876a5845ae544ca674007f3be123f0031689ba2ce3b5d15586336058bd9b",
    "agents/backend-handler.md": "sha256:8cbfb1820daf9aebecf0556188d5e0f73dfdc71e345a09c4b47d43e4b32913ac",
    "agents/planner.md": "sha256:68a229d4b29d69b863a79ba813916ff72ee23dfecb146286540696f03ea1b158",
    "agents/db-expert.md": "sha256:0883b6605a39932bbaf0770f0afc42fbe6edf066624b8673d9e432aa108ae123",
    "agents/test-writer.md": "sha256:12b8061419a8ac16d98e94734f7f4326107ff7665f36077ce59ea679df1d41a2",
    "agents/code-reviewer.md": "sha256:e031896f7b9608c55a0ff0752ca499a66ddc9b01142be475df1b895c98b2e3db",
    "skills/sync-workflow/reference.md": "sha256:b283277f4f5ff45ddcb7f3eaeed6003a6c1261e3d3720a2a1a050ab1309d0e0c",
    "skills/sync-workflow/SKILL.md": "sha256:37fef53510b3f74e3a086ef7a732d12a1158806c7615217dfe2f1ad79cd60c20",
    "skills/writing-skills/reference.md": "sha256:d3e5d6fa3da038813b6aa902f5fcc013359a06210aeb82ef90d6d834a4dcd0ba",
    "skills/writing-skills/SKILL.md": "sha256:bd3b4e56be23d3ab1a4c8d330daa295c326ffb5ac08a4ae0f03268888c8e06bf",
    "skills/score-guardrails/reference.md": "sha256:a4280089712ff7c35838c44e35299756d927221d5e9eca5798e1ee8ce9a9f1ee",
    "skills/score-guardrails/SKILL.md": "sha256:5373d2a169be483d25f446ccc97519c2f5dc62326ce931de9a13ebc0fc49fdcd",
    "skills/ai-guardrails-audit/reference.md": "sha256:1cb92972f849a78f84287da2a675c91c70be9778ea3f74cff094c60d74795968",
    "skills/ai-guardrails-audit/SKILL.md": "sha256:e43b5e2f1e8ae9112f18ff1552922e1140b804655ecc92a077429a2b842d7229",
    "skills/tdd/reference.md": "sha256:c0b0668b672e86d7add1e7e3541de60547f727c77094a28fdf2b8971172da012",
    "skills/tdd/SKILL.md": "sha256:ab709c7830ecdf82ae226a191dc051e2e551eb821a1bf0e44a2cae52448e8f86",
    "skills/commit/reference.md": "sha256:7584c0ad75b5c442f10d03087f08ab23a627a13604633d92fa14b562fdb0f46f",
    "skills/commit/SKILL.md": "sha256:dc4d4e16eff41363fe3d05e98b993082c59aad6d191d1330b1ba767dd1e12e20",
    "skills/validate-change/reference.md": "sha256:b24178d0ac6ad1d17acb13284636e7e17adcd03634b4e1f37d690d1a8caee76d",
    "skills/validate-change/SKILL.md": "sha256:635636b579ae1bbf237edaf048d849dcc45074241629692803ac179ff4766c05",
    "skills/security/reference.md": "sha256:4bc7c20d58fdf8edd4da2487d3399f98ff10e20b1aa97d926503421365f2afe9",
    "skills/security/SKILL.md": "sha256:ef22824dfcaf4cbec270430b3a85e9f99e2a99c72cc6adcdd6775b8ff5049a8b",
    "skills/brainstorm/reference.md": "sha256:a75f6d13e686699fe3cc99784d976d6c62db51b77f2bcba45a6067817abba121",
    "skills/brainstorm/SKILL.md": "sha256:8d20cd94d1e7f06330513af62cdc6ee9471e8df7f325f16a9e324f47d4e78eb2",
    "hooks/pre-compact.py": "sha256:3c28b4ddc6440087e6cc5e8f06edae344d034cbcfa1ba2afc84a288813acc875",
    "hooks/session-start.py": "sha256:653fc1e77dd86bf3b8e300791fdcdc99672b7c1f8ad6d8384dc965ceccc2f8ca",
    "hooks/subagent-start.py": "sha256:f46fa7361c272e14315a45b8ebb1be1c217801b3e01eed0aaea0eff19a63a1e4",
    "hooks/task-completed.py": "sha256:b5f8ecfa02dadf2461bf3a198d1212ba3e3c39f7c6a1ecc986d48e76911fb623",
    "hooks/teammate-idle.py": "sha256:f827d96abe9c3e72e2c68a6d44b9788f3bc5895e1beeb03e0d1cab1c9610d6e0",
    "hooks/context-check.py": "sha256:6ccbf32ca11a5fe3373cdec763cfb2041bb8ebff555fafb0c05322e45db54010",
    "hooks/mcp-security-scan.py": "sha256:1b7b083dcac6bee1f089f7e60e3a8403c5ae8a8f8db447789bf74c1753ea6d67",
    "hooks/subagent-stop.py": "sha256:d3601fe1b04200cc8115cb80d4c49e038956fc3233f09bbd327479bd7e82b902",
    "hooks/post-failure.py": "sha256:597dc5ded93b8a2ee7f048fdcf51ca3c0fdf862e04c85762cb580bc15ef01866",
    "hooks/prompt-submit.py": "sha256:47178419beed22881f427dce10c801c6e833f3dd2ad6762f1c58c02e1c366942",
    "hooks/pyrun": "sha256:d1543d14f8fcbac1113cadb3d8620c15b9728e8dc54618addb81ad2c19a581dd",
    "hooks/session-end.py": "sha256:1bc002c00a9a6e5d491676918b7f58247ec0a6cf958c70a33305391b34ec2093"
  },
  "self": true
}
