{
  "version": "1.4.1",
  "stacks": [],
  "lastSync": "2026-03-10T09:23:11.380467Z",
  "managed": {
    "WORKFLOW.md": "sha256:2ab5b7317e4aae155bd4dd600a0e8e68bdeee95f05db3904958da2c42f1366d4",
    "settings.json": "sha256:0143972f26ec9a1b9c2519bf80c2a19f753e550516b992700c19eb44e537ff73",
    "workflow.lock": "sha256:7440fd0a6aa27a8836153acf70798df56fbb4c0108425b1d24d32e8d8806c42e",
    "workflow.overrides.yaml": "sha256:2e019fab1c58c99b7891118a3c419f8c7aa75bffdc5c259f6101373adc7d23af",
    "agents/frontend-handler.md": "sha256:07c1f9dc240674e9fcb4a60e0b578e0d5995e22ae6ce8940e02584c891324dbd",
    "agents/backend-handler.md": "sha256:24d2daa6655b95fa95a81e68c3bbd25b8d44384498157081faca3deaeb77c64e",
    "agents/security-reviewer.md": "sha256:9decb30bc909a4cdd8055342731b81bbfd9274eca7a53a42c81e15e57dbc8a5d",
    "agents/test-writer.md": "sha256:dc75ef0d9681382e68d819c22b43e5a296f4891f0b3c2114702be9fb38e8ca7a",
    "agents/db-expert.md": "sha256:078b5df8c06df41ffd1c522b430f6937c2936e0bb6b1acddfbdc7d7fb20fb643",
    "agents/planner.md": "sha256:df2d70f42625f53afdf895ee1a687401eb5ed4c159aa6a3772fa486fd2ba7539",
    "agents/code-reviewer.md": "sha256:650aefaf57aaab27d23d5c3c72bd676fa7ec9758749588ac8296d8bdfa604868",
    "skills/commit/reference.md": "sha256:8441e790452202fdf900d5e2320bf44ee39c56cbeee08df773637d32b85e0657",
    "skills/commit/SKILL.md": "sha256:dc4d4e16eff41363fe3d05e98b993082c59aad6d191d1330b1ba767dd1e12e20",
    "skills/writing-skills/reference.md": "sha256:d3e5d6fa3da038813b6aa902f5fcc013359a06210aeb82ef90d6d834a4dcd0ba",
    "skills/writing-skills/SKILL.md": "sha256:bd3b4e56be23d3ab1a4c8d330daa295c326ffb5ac08a4ae0f03268888c8e06bf",
    "skills/sync-workflow/reference.md": "sha256:8ff21b9e07f7f3d4ff1f9bdbc1f7b79d24dabca74c29a8d93e50323c52b401bf",
    "skills/sync-workflow/SKILL.md": "sha256:37fef53510b3f74e3a086ef7a732d12a1158806c7615217dfe2f1ad79cd60c20",
    "skills/tdd/reference.md": "sha256:c0b0668b672e86d7add1e7e3541de60547f727c77094a28fdf2b8971172da012",
    "skills/tdd/SKILL.md": "sha256:ab709c7830ecdf82ae226a191dc051e2e551eb821a1bf0e44a2cae52448e8f86",
    "skills/score-guardrails/reference.md": "sha256:653a81e9c1651171dd1d6ba661155dd4cf9c2b94844784ccf490a0fd785f1993",
    "skills/score-guardrails/SKILL.md": "sha256:5373d2a169be483d25f446ccc97519c2f5dc62326ce931de9a13ebc0fc49fdcd",
    "skills/security/reference.md": "sha256:793f675b985679e663db281b424e24a5c1a17bd763a7e34a2ee619020d674826",
    "skills/security/SKILL.md": "sha256:8fabaf23cd619532aa09ea45670d73c8b5a5fdf39b085f5d0124228679590689",
    "skills/brainstorm/reference.md": "sha256:206a1114ed20654ba0831cc310074f2edea0c069ef004792f2857a039ac8d0ea",
    "skills/brainstorm/SKILL.md": "sha256:161b8280232f4ef9af9145499694578469c7ba6fd2616b6004f3f1e420b1bef4",
    "skills/validate-change/reference.md": "sha256:b24178d0ac6ad1d17acb13284636e7e17adcd03634b4e1f37d690d1a8caee76d",
    "skills/validate-change/SKILL.md": "sha256:635636b579ae1bbf237edaf048d849dcc45074241629692803ac179ff4766c05",
    "skills/ai-guardrails-audit/reference.md": "sha256:a26865f02d5668d4789df77a9e5e61cd021aa1ee7aa0fd3788f9b53ab02a6f93",
    "skills/ai-guardrails-audit/SKILL.md": "sha256:e43b5e2f1e8ae9112f18ff1552922e1140b804655ecc92a077429a2b842d7229",
    "teams/validation/team.yaml": "sha256:ade8f048c9d47ab326ade1c07dd02eff7ee5c426b132d755abed168304c42fe1",
    "teams/validation/README.md": "sha256:c4d71614f2558ab8c022ce2a224e66c29ef15dba3ee4da9941fc8546b0784c79",
    "teams/validation/prompts/security-reviewer.md": "sha256:fcb99aa588c60057ed60c530e3f9b3cdba080fa0a6516d139fb809c432f2292d",
    "teams/validation/prompts/arch-checker.md": "sha256:804e9e5f0e9805b3007fe6cd3298ece628da6657544611f57aa00815d8f1fe3b",
    "teams/validation/prompts/code-reviewer.md": "sha256:26ae974f7ece98fb459c6f6a162853fa550f1b6e413acd01dfb7456bccee067b",
    "blueprints/testing-patterns.md": "sha256:226771c062b0ad610e6b4018e44b43817fe09f8dd0b9c7a9a5ca641ec0c22414",
    "blueprints/coding-conventions.md": "sha256:c54b0b6ddc8596008beee6f1caefcf2c1d0a5f246324685c7860c36e3069318c",
    "hooks/post-failure.sh": "sha256:7c68077a98b8564b79fd3ed8acc9e40343ca843c1f93e4be6fa9c12a842eae47",
    "hooks/stop-gate.sh": "sha256:6c6a3460ce82525804d91f39c2741a6f5a6baa5acea0abd4e4877346d141734d",
    "hooks/task-completed.sh": "sha256:58560423d4257b8e9dedada735a336a37afebbfb7f37eb70ac4bac728acef7a8",
    "hooks/subagent-start.sh": "sha256:c1cfab2d0f6653e30265086525aac2c699dbb159da5214c717f0d618865d3700",
    "hooks/prompt-submit.sh": "sha256:278ce981c3b1649552336e9e88d793899dc1103749f0e028384e13d02b61d58d",
    "hooks/context-check.sh": "sha256:63924ced2db8f465325188142499f7b9fb769aaced778f8f5b731a22821561a6",
    "hooks/teammate-idle.sh": "sha256:65e3e83528bda39e7ac67f112fdbb70dced89b95607744bc23313752ed3cd005",
    "hooks/pre-compact.sh": "sha256:5ec167162bd7801ad4eab9ac289645863eb31107cdf57b4888983ca0bfd04a31",
    "hooks/session-start.sh": "sha256:ded9feb4e25e651d059d5da61f6b8f949643e528576772d75105388579829d45"
  },
  "masterChecksums": {
    "WORKFLOW.md": "sha256:2ab5b7317e4aae155bd4dd600a0e8e68bdeee95f05db3904958da2c42f1366d4",
    "agents/frontend-handler.md": "sha256:07c1f9dc240674e9fcb4a60e0b578e0d5995e22ae6ce8940e02584c891324dbd",
    "agents/backend-handler.md": "sha256:24d2daa6655b95fa95a81e68c3bbd25b8d44384498157081faca3deaeb77c64e",
    "agents/security-reviewer.md": "sha256:9decb30bc909a4cdd8055342731b81bbfd9274eca7a53a42c81e15e57dbc8a5d",
    "agents/test-writer.md": "sha256:dc75ef0d9681382e68d819c22b43e5a296f4891f0b3c2114702be9fb38e8ca7a",
    "agents/db-expert.md": "sha256:078b5df8c06df41ffd1c522b430f6937c2936e0bb6b1acddfbdc7d7fb20fb643",
    "agents/planner.md": "sha256:df2d70f42625f53afdf895ee1a687401eb5ed4c159aa6a3772fa486fd2ba7539",
    "agents/code-reviewer.md": "sha256:650aefaf57aaab27d23d5c3c72bd676fa7ec9758749588ac8296d8bdfa604868",
    "skills/commit/reference.md": "sha256:8441e790452202fdf900d5e2320bf44ee39c56cbeee08df773637d32b85e0657",
    "skills/commit/SKILL.md": "sha256:dc4d4e16eff41363fe3d05e98b993082c59aad6d191d1330b1ba767dd1e12e20",
    "skills/writing-skills/reference.md": "sha256:d3e5d6fa3da038813b6aa902f5fcc013359a06210aeb82ef90d6d834a4dcd0ba",
    "skills/writing-skills/SKILL.md": "sha256:bd3b4e56be23d3ab1a4c8d330daa295c326ffb5ac08a4ae0f03268888c8e06bf",
    "skills/sync-workflow/reference.md": "sha256:8ff21b9e07f7f3d4ff1f9bdbc1f7b79d24dabca74c29a8d93e50323c52b401bf",
    "skills/sync-workflow/SKILL.md": "sha256:37fef53510b3f74e3a086ef7a732d12a1158806c7615217dfe2f1ad79cd60c20",
    "skills/tdd/reference.md": "sha256:c0b0668b672e86d7add1e7e3541de60547f727c77094a28fdf2b8971172da012",
    "skills/tdd/SKILL.md": "sha256:ab709c7830ecdf82ae226a191dc051e2e551eb821a1bf0e44a2cae52448e8f86",
    "skills/score-guardrails/reference.md": "sha256:653a81e9c1651171dd1d6ba661155dd4cf9c2b94844784ccf490a0fd785f1993",
    "skills/score-guardrails/SKILL.md": "sha256:5373d2a169be483d25f446ccc97519c2f5dc62326ce931de9a13ebc0fc49fdcd",
    "skills/security/reference.md": "sha256:793f675b985679e663db281b424e24a5c1a17bd763a7e34a2ee619020d674826",
    "skills/security/SKILL.md": "sha256:8fabaf23cd619532aa09ea45670d73c8b5a5fdf39b085f5d0124228679590689",
    "skills/brainstorm/reference.md": "sha256:206a1114ed20654ba0831cc310074f2edea0c069ef004792f2857a039ac8d0ea",
    "skills/brainstorm/SKILL.md": "sha256:161b8280232f4ef9af9145499694578469c7ba6fd2616b6004f3f1e420b1bef4",
    "skills/validate-change/reference.md": "sha256:b24178d0ac6ad1d17acb13284636e7e17adcd03634b4e1f37d690d1a8caee76d",
    "skills/validate-change/SKILL.md": "sha256:635636b579ae1bbf237edaf048d849dcc45074241629692803ac179ff4766c05",
    "skills/ai-guardrails-audit/reference.md": "sha256:a26865f02d5668d4789df77a9e5e61cd021aa1ee7aa0fd3788f9b53ab02a6f93",
    "skills/ai-guardrails-audit/SKILL.md": "sha256:e43b5e2f1e8ae9112f18ff1552922e1140b804655ecc92a077429a2b842d7229",
    "teams/validation/team.yaml": "sha256:ade8f048c9d47ab326ade1c07dd02eff7ee5c426b132d755abed168304c42fe1",
    "teams/validation/README.md": "sha256:c4d71614f2558ab8c022ce2a224e66c29ef15dba3ee4da9941fc8546b0784c79",
    "teams/validation/prompts/security-reviewer.md": "sha256:fcb99aa588c60057ed60c530e3f9b3cdba080fa0a6516d139fb809c432f2292d",
    "teams/validation/prompts/arch-checker.md": "sha256:804e9e5f0e9805b3007fe6cd3298ece628da6657544611f57aa00815d8f1fe3b",
    "teams/validation/prompts/code-reviewer.md": "sha256:26ae974f7ece98fb459c6f6a162853fa550f1b6e413acd01dfb7456bccee067b",
    "hooks/post-failure.sh": "sha256:7c68077a98b8564b79fd3ed8acc9e40343ca843c1f93e4be6fa9c12a842eae47",
    "hooks/stop-gate.sh": "sha256:6c6a3460ce82525804d91f39c2741a6f5a6baa5acea0abd4e4877346d141734d",
    "hooks/task-completed.sh": "sha256:58560423d4257b8e9dedada735a336a37afebbfb7f37eb70ac4bac728acef7a8",
    "hooks/subagent-start.sh": "sha256:c1cfab2d0f6653e30265086525aac2c699dbb159da5214c717f0d618865d3700",
    "hooks/prompt-submit.sh": "sha256:278ce981c3b1649552336e9e88d793899dc1103749f0e028384e13d02b61d58d",
    "hooks/context-check.sh": "sha256:63924ced2db8f465325188142499f7b9fb769aaced778f8f5b731a22821561a6",
    "hooks/teammate-idle.sh": "sha256:65e3e83528bda39e7ac67f112fdbb70dced89b95607744bc23313752ed3cd005",
    "hooks/pre-compact.sh": "sha256:5ec167162bd7801ad4eab9ac289645863eb31107cdf57b4888983ca0bfd04a31",
    "hooks/session-start.sh": "sha256:ded9feb4e25e651d059d5da61f6b8f949643e528576772d75105388579829d45"
  },
  "self": true
}
