{
  "version": "1.4.4",
  "stacks": [],
  "lastSync": "2026-03-16T15:41:27.538324Z",
  "managed": {
    "WORKFLOW.md": "sha256:9be8179d5c7d85fc2e804ddfc1760bd087381de20ff6674e99ca370c9d0f76fd",
    "settings.json": "sha256:ebbc63c142759250d8e66ca7083a1b2c66a2576778ff5ce922e8aa11ae56c694",
    "session-metrics.log": "sha256:041aad6d1962adeec8d80258a6ce8caa3911b3171d2eb3b9ca57f30368b49079",
    "workflow.lock": "sha256:d159422164142548384ea3b03aac938636ab017e2445cef962144ad246c25398",
    "workflow.overrides.yaml": "sha256:2e019fab1c58c99b7891118a3c419f8c7aa75bffdc5c259f6101373adc7d23af",
    "agents/frontend-handler.md": "sha256:5ea9876a5845ae544ca674007f3be123f0031689ba2ce3b5d15586336058bd9b",
    "agents/backend-handler.md": "sha256:8cbfb1820daf9aebecf0556188d5e0f73dfdc71e345a09c4b47d43e4b32913ac",
    "agents/security-reviewer.md": "sha256:01d5a625b752343b29957ba1a6d32c53561c39a87444a09c30b689dc255c4f34",
    "agents/test-writer.md": "sha256:12b8061419a8ac16d98e94734f7f4326107ff7665f36077ce59ea679df1d41a2",
    "agents/db-expert.md": "sha256:0883b6605a39932bbaf0770f0afc42fbe6edf066624b8673d9e432aa108ae123",
    "agents/planner.md": "sha256:68a229d4b29d69b863a79ba813916ff72ee23dfecb146286540696f03ea1b158",
    "agents/code-reviewer.md": "sha256:e031896f7b9608c55a0ff0752ca499a66ddc9b01142be475df1b895c98b2e3db",
    "skills/commit/reference.md": "sha256:39ce527d3a89acefd43af8b1f09e28ad727d3f225038ef2ebd5f444e87cc3002",
    "skills/commit/SKILL.md": "sha256:dc4d4e16eff41363fe3d05e98b993082c59aad6d191d1330b1ba767dd1e12e20",
    "skills/writing-skills/reference.md": "sha256:d3e5d6fa3da038813b6aa902f5fcc013359a06210aeb82ef90d6d834a4dcd0ba",
    "skills/writing-skills/SKILL.md": "sha256:bd3b4e56be23d3ab1a4c8d330daa295c326ffb5ac08a4ae0f03268888c8e06bf",
    "skills/sync-workflow/reference.md": "sha256:b283277f4f5ff45ddcb7f3eaeed6003a6c1261e3d3720a2a1a050ab1309d0e0c",
    "skills/sync-workflow/SKILL.md": "sha256:37fef53510b3f74e3a086ef7a732d12a1158806c7615217dfe2f1ad79cd60c20",
    "skills/tdd/reference.md": "sha256:c0b0668b672e86d7add1e7e3541de60547f727c77094a28fdf2b8971172da012",
    "skills/tdd/SKILL.md": "sha256:ab709c7830ecdf82ae226a191dc051e2e551eb821a1bf0e44a2cae52448e8f86",
    "skills/score-guardrails/reference.md": "sha256:a4280089712ff7c35838c44e35299756d927221d5e9eca5798e1ee8ce9a9f1ee",
    "skills/score-guardrails/SKILL.md": "sha256:5373d2a169be483d25f446ccc97519c2f5dc62326ce931de9a13ebc0fc49fdcd",
    "skills/security/reference.md": "sha256:793f675b985679e663db281b424e24a5c1a17bd763a7e34a2ee619020d674826",
    "skills/security/SKILL.md": "sha256:ef22824dfcaf4cbec270430b3a85e9f99e2a99c72cc6adcdd6775b8ff5049a8b",
    "skills/brainstorm/reference.md": "sha256:b6ce38755e7010a9257faee1ca784a08d529ffde7d3c0e1dc8dca620d2c9d651",
    "skills/brainstorm/SKILL.md": "sha256:8d20cd94d1e7f06330513af62cdc6ee9471e8df7f325f16a9e324f47d4e78eb2",
    "skills/validate-change/reference.md": "sha256:b24178d0ac6ad1d17acb13284636e7e17adcd03634b4e1f37d690d1a8caee76d",
    "skills/validate-change/SKILL.md": "sha256:635636b579ae1bbf237edaf048d849dcc45074241629692803ac179ff4766c05",
    "skills/ai-guardrails-audit/reference.md": "sha256:1cb92972f849a78f84287da2a675c91c70be9778ea3f74cff094c60d74795968",
    "skills/ai-guardrails-audit/SKILL.md": "sha256:e43b5e2f1e8ae9112f18ff1552922e1140b804655ecc92a077429a2b842d7229",
    "teams/validation/team.yaml": "sha256:ade8f048c9d47ab326ade1c07dd02eff7ee5c426b132d755abed168304c42fe1",
    "teams/validation/README.md": "sha256:c4d71614f2558ab8c022ce2a224e66c29ef15dba3ee4da9941fc8546b0784c79",
    "teams/validation/prompts/security-reviewer.md": "sha256:fcb99aa588c60057ed60c530e3f9b3cdba080fa0a6516d139fb809c432f2292d",
    "teams/validation/prompts/arch-checker.md": "sha256:804e9e5f0e9805b3007fe6cd3298ece628da6657544611f57aa00815d8f1fe3b",
    "teams/validation/prompts/code-reviewer.md": "sha256:26ae974f7ece98fb459c6f6a162853fa550f1b6e413acd01dfb7456bccee067b",
    "blueprints/testing-patterns.md": "sha256:226771c062b0ad610e6b4018e44b43817fe09f8dd0b9c7a9a5ca641ec0c22414",
    "blueprints/coding-conventions.md": "sha256:5cfe58a23f26c34452a70ef9fe66747f65cac54e512e9f247d7bbb8b9153e71f",
    "hooks/prompt-submit.py": "sha256:47178419beed22881f427dce10c801c6e833f3dd2ad6762f1c58c02e1c366942",
    "hooks/mcp-security-scan.py": "sha256:1b7b083dcac6bee1f089f7e60e3a8403c5ae8a8f8db447789bf74c1753ea6d67",
    "hooks/session-end.py": "sha256:0ca90e0d7cdd2b0b2e0a6011e2759797eb8f764c87352dbeb8a641b2ff724de1",
    "hooks/teammate-idle.py": "sha256:f827d96abe9c3e72e2c68a6d44b9788f3bc5895e1beeb03e0d1cab1c9610d6e0",
    "hooks/context-check.py": "sha256:6ccbf32ca11a5fe3373cdec763cfb2041bb8ebff555fafb0c05322e45db54010",
    "hooks/pyrun": "sha256:a96884032295c4378a305daa8fd8bb7dd4125b84022137172b7eddebf67d2969",
    "hooks/session-start.py": "sha256:448f81947af04bdd46d632b7c789c2989e6503c84d2fe9a9fe7e3357fa6b1766",
    "hooks/post-failure.py": "sha256:597dc5ded93b8a2ee7f048fdcf51ca3c0fdf862e04c85762cb580bc15ef01866",
    "hooks/subagent-start.py": "sha256:9a89ac1df8af1ccdee67465782c8d490cea0cb7f07fe63b0dbbc8a9de80c5f6f",
    "hooks/task-completed.py": "sha256:22a99c28193f0fae69fa5355528c80b869e85c48aeac78e299be2f3bde1eb113",
    "hooks/pre-compact.py": "sha256:3c28b4ddc6440087e6cc5e8f06edae344d034cbcfa1ba2afc84a288813acc875",
    "hooks/subagent-stop.py": "sha256:d3601fe1b04200cc8115cb80d4c49e038956fc3233f09bbd327479bd7e82b902"
  },
  "masterChecksums": {
    "WORKFLOW.md": "sha256:9be8179d5c7d85fc2e804ddfc1760bd087381de20ff6674e99ca370c9d0f76fd",
    "agents/frontend-handler.md": "sha256:5ea9876a5845ae544ca674007f3be123f0031689ba2ce3b5d15586336058bd9b",
    "agents/backend-handler.md": "sha256:8cbfb1820daf9aebecf0556188d5e0f73dfdc71e345a09c4b47d43e4b32913ac",
    "agents/security-reviewer.md": "sha256:01d5a625b752343b29957ba1a6d32c53561c39a87444a09c30b689dc255c4f34",
    "agents/test-writer.md": "sha256:12b8061419a8ac16d98e94734f7f4326107ff7665f36077ce59ea679df1d41a2",
    "agents/db-expert.md": "sha256:0883b6605a39932bbaf0770f0afc42fbe6edf066624b8673d9e432aa108ae123",
    "agents/planner.md": "sha256:68a229d4b29d69b863a79ba813916ff72ee23dfecb146286540696f03ea1b158",
    "agents/code-reviewer.md": "sha256:e031896f7b9608c55a0ff0752ca499a66ddc9b01142be475df1b895c98b2e3db",
    "skills/commit/reference.md": "sha256:39ce527d3a89acefd43af8b1f09e28ad727d3f225038ef2ebd5f444e87cc3002",
    "skills/commit/SKILL.md": "sha256:dc4d4e16eff41363fe3d05e98b993082c59aad6d191d1330b1ba767dd1e12e20",
    "skills/writing-skills/reference.md": "sha256:d3e5d6fa3da038813b6aa902f5fcc013359a06210aeb82ef90d6d834a4dcd0ba",
    "skills/writing-skills/SKILL.md": "sha256:bd3b4e56be23d3ab1a4c8d330daa295c326ffb5ac08a4ae0f03268888c8e06bf",
    "skills/sync-workflow/reference.md": "sha256:b283277f4f5ff45ddcb7f3eaeed6003a6c1261e3d3720a2a1a050ab1309d0e0c",
    "skills/sync-workflow/SKILL.md": "sha256:37fef53510b3f74e3a086ef7a732d12a1158806c7615217dfe2f1ad79cd60c20",
    "skills/tdd/reference.md": "sha256:c0b0668b672e86d7add1e7e3541de60547f727c77094a28fdf2b8971172da012",
    "skills/tdd/SKILL.md": "sha256:ab709c7830ecdf82ae226a191dc051e2e551eb821a1bf0e44a2cae52448e8f86",
    "skills/score-guardrails/reference.md": "sha256:a4280089712ff7c35838c44e35299756d927221d5e9eca5798e1ee8ce9a9f1ee",
    "skills/score-guardrails/SKILL.md": "sha256:5373d2a169be483d25f446ccc97519c2f5dc62326ce931de9a13ebc0fc49fdcd",
    "skills/security/reference.md": "sha256:793f675b985679e663db281b424e24a5c1a17bd763a7e34a2ee619020d674826",
    "skills/security/SKILL.md": "sha256:ef22824dfcaf4cbec270430b3a85e9f99e2a99c72cc6adcdd6775b8ff5049a8b",
    "skills/brainstorm/reference.md": "sha256:b6ce38755e7010a9257faee1ca784a08d529ffde7d3c0e1dc8dca620d2c9d651",
    "skills/brainstorm/SKILL.md": "sha256:8d20cd94d1e7f06330513af62cdc6ee9471e8df7f325f16a9e324f47d4e78eb2",
    "skills/validate-change/reference.md": "sha256:b24178d0ac6ad1d17acb13284636e7e17adcd03634b4e1f37d690d1a8caee76d",
    "skills/validate-change/SKILL.md": "sha256:635636b579ae1bbf237edaf048d849dcc45074241629692803ac179ff4766c05",
    "skills/ai-guardrails-audit/reference.md": "sha256:1cb92972f849a78f84287da2a675c91c70be9778ea3f74cff094c60d74795968",
    "skills/ai-guardrails-audit/SKILL.md": "sha256:e43b5e2f1e8ae9112f18ff1552922e1140b804655ecc92a077429a2b842d7229",
    "teams/validation/team.yaml": "sha256:ade8f048c9d47ab326ade1c07dd02eff7ee5c426b132d755abed168304c42fe1",
    "teams/validation/README.md": "sha256:c4d71614f2558ab8c022ce2a224e66c29ef15dba3ee4da9941fc8546b0784c79",
    "teams/validation/prompts/security-reviewer.md": "sha256:fcb99aa588c60057ed60c530e3f9b3cdba080fa0a6516d139fb809c432f2292d",
    "teams/validation/prompts/arch-checker.md": "sha256:804e9e5f0e9805b3007fe6cd3298ece628da6657544611f57aa00815d8f1fe3b",
    "teams/validation/prompts/code-reviewer.md": "sha256:26ae974f7ece98fb459c6f6a162853fa550f1b6e413acd01dfb7456bccee067b",
    "hooks/prompt-submit.py": "sha256:47178419beed22881f427dce10c801c6e833f3dd2ad6762f1c58c02e1c366942",
    "hooks/mcp-security-scan.py": "sha256:1b7b083dcac6bee1f089f7e60e3a8403c5ae8a8f8db447789bf74c1753ea6d67",
    "hooks/session-end.py": "sha256:0ca90e0d7cdd2b0b2e0a6011e2759797eb8f764c87352dbeb8a641b2ff724de1",
    "hooks/teammate-idle.py": "sha256:f827d96abe9c3e72e2c68a6d44b9788f3bc5895e1beeb03e0d1cab1c9610d6e0",
    "hooks/context-check.py": "sha256:6ccbf32ca11a5fe3373cdec763cfb2041bb8ebff555fafb0c05322e45db54010",
    "hooks/pyrun": "sha256:a96884032295c4378a305daa8fd8bb7dd4125b84022137172b7eddebf67d2969",
    "hooks/session-start.py": "sha256:448f81947af04bdd46d632b7c789c2989e6503c84d2fe9a9fe7e3357fa6b1766",
    "hooks/post-failure.py": "sha256:597dc5ded93b8a2ee7f048fdcf51ca3c0fdf862e04c85762cb580bc15ef01866",
    "hooks/subagent-start.py": "sha256:9a89ac1df8af1ccdee67465782c8d490cea0cb7f07fe63b0dbbc8a9de80c5f6f",
    "hooks/task-completed.py": "sha256:22a99c28193f0fae69fa5355528c80b869e85c48aeac78e299be2f3bde1eb113",
    "hooks/pre-compact.py": "sha256:3c28b4ddc6440087e6cc5e8f06edae344d034cbcfa1ba2afc84a288813acc875",
    "hooks/subagent-stop.py": "sha256:d3601fe1b04200cc8115cb80d4c49e038956fc3233f09bbd327479bd7e82b902"
  },
  "self": true
}
